Microsoft Visual Studio Solution File, Format Version 12.00
# Visual Studio Version 17
VisualStudioVersion = 17.5.2.0
MinimumVisualStudioVersion = 10.0.40219.1
Project("{FAE04EC0-301F-11D3-BF4B-00C04F79EFBC}") = "UsbDlpAgent", "UsbDlpAgent\UsbDlpAgent.csproj", "{0B123638-0F4C-5F86-B509-0D1FBBD1912A}"
EndProject
Global
	GlobalSection(SolutionConfigurationPlatforms) = preSolution
		Debug|Any CPU = Debug|Any CPU
		Release|Any CPU = Release|Any CPU
	EndGlobalSection
	GlobalSection(ProjectConfigurationPlatforms) = postSolution
		{0B123638-0F4C-5F86-B509-0D1FBBD1912A}.Debug|Any CPU.ActiveCfg = Debug|Any CPU
		{0B123638-0F4C-5F86-B509-0D1FBBD1912A}.Debug|Any CPU.Build.0 = Debug|Any CPU
		{0B123638-0F4C-5F86-B509-0D1FBBD1912A}.Release|Any CPU.ActiveCfg = Release|Any CPU
		{0B123638-0F4C-5F86-B509-0D1FBBD1912A}.Release|Any CPU.Build.0 = Release|Any CPU
	EndGlobalSection
	GlobalSection(SolutionProperties) = preSolution
		HideSolutionNode = FALSE
	EndGlobalSection
	GlobalSection(ExtensibilityGlobals) = postSolution
		SolutionGuid = {CD329637-D492-43A0-AB5E-26BFD2DF7F88}
	EndGlobalSection
EndGlobal
